<?xml version="1.0" encoding="utf-8"?>
<Project ToolsVersion="4.0" xmlns="http://schemas.microsoft.com/developer/msbuild/2003">
  <ItemGroup>
    <Filter Include="Source Files">
      <UniqueIdentifier>{4FC737F1-C7A5-4376-A066-2A32D752A2FF}</UniqueIdentifier>
      <Extensions>cpp;c;cc;cxx;def;odl;idl;hpj;bat;asm;asmx</Extensions>
    </Filter>
    <Filter Include="Resource Files">
      <UniqueIdentifier>{67DA6AB6-F800-4c08-8B7A-83BB121AAD01}</UniqueIdentifier>
      <Extensions>rc;ico;cur;bmp;dlg;rc2;rct;bin;rgs;gif;jpg;jpeg;jpe;resx;tiff;tif;png;wav;mfcribbon-ms</Extensions>
    </Filter>
    <Filter Include="etc">
      <UniqueIdentifier>{87597123-334d-44bd-9798-0b015b7c2683}</UniqueIdentifier>
    </Filter>
    <Filter Include="shaders">
      <UniqueIdentifier>{0ae5bd10-9f07-4755-a96a-a042e1b31a03}</UniqueIdentifier>
    </Filter>
    <Filter Include="external dependencies">
      <UniqueIdentifier>{bb56e5e7-0400-4afa-a58f-b6d3cd5e477e}</UniqueIdentifier>
    </Filter>
  </ItemGroup>
  <ItemGroup>
    <ClCompile Include="..\..\..\dependencies\OpenGL\include\glad\glad.c">
      <Filter>external dependencies</Filter>
    </ClCompile>
    <ClCompile Include="src\main.cpp">
      <Filter>Source Files</Filter>
    </ClCompile>
    <ClCompile Include="..\..\..\dependencies\OpenGL\include\stb\stb_image.cpp">
      <Filter>external dependencies</Filter>
    </ClCompile>
    <ClCompile Include="src\Input.cpp">
      <Filter>Source Files</Filter>
    </ClCompile>
    <ClCompile Include="src\Scene.cpp">
      <Filter>Source Files</Filter>
    </ClCompile>
    <ClCompile Include="src\InfiniteCubeScene.cpp">
      <Filter>Source Files</Filter>
    </ClCompile>
    <ClCompile Include="src\ObjectData.cpp">
      <Filter>Source Files</Filter>
    </ClCompile>
    <ClCompile Include="src\Util.cpp">
      <Filter>Source Files</Filter>
    </ClCompile>
    <ClCompile Include="src\NessCubesScene.cpp">
      <Filter>Source Files</Filter>
    </ClCompile>
    <ClCompile Include="src\ReflectionScene.cpp">
      <Filter>Source Files</Filter>
    </ClCompile>
  </ItemGroup>
  <ItemGroup>
    <Text Include="notes.txt">
      <Filter>etc</Filter>
    </Text>
    <Text Include="TODOs.txt">
      <Filter>etc</Filter>
    </Text>
  </ItemGroup>
  <ItemGroup>
    <ClInclude Include="src\main.h">
      <Filter>Source Files</Filter>
    </ClInclude>
    <ClInclude Include="src\Mesh.h">
      <Filter>Source Files</Filter>
    </ClInclude>
    <ClInclude Include="src\Model.h">
      <Filter>Source Files</Filter>
    </ClInclude>
    <ClInclude Include="src\Shader.h">
      <Filter>Source Files</Filter>
    </ClInclude>
    <ClInclude Include="src\Camera.h">
      <Filter>Source Files</Filter>
    </ClInclude>
    <ClInclude Include="src\LearnOpenGLPlatform.h">
      <Filter>Source Files</Filter>
    </ClInclude>
    <ClInclude Include="src\Kernels.h">
      <Filter>Source Files</Filter>
    </ClInclude>
    <ClInclude Include="src\Util.h">
      <Filter>Source Files</Filter>
    </ClInclude>
    <ClInclude Include="src\FileLocations.h">
      <Filter>Source Files</Filter>
    </ClInclude>
    <ClInclude Include="src\Input.h">
      <Filter>Source Files</Filter>
    </ClInclude>
    <ClInclude Include="src\Scene.h">
      <Filter>Source Files</Filter>
    </ClInclude>
    <ClInclude Include="src\InfiniteCubeScene.h">
      <Filter>Source Files</Filter>
    </ClInclude>
    <ClInclude Include="src\ObjectData.h">
      <Filter>Source Files</Filter>
    </ClInclude>
    <ClInclude Include="src\NessCubesScene.h">
      <Filter>Source Files</Filter>
    </ClInclude>
    <ClInclude Include="src\ReflectionScene.h">
      <Filter>Source Files</Filter>
    </ClInclude>
  </ItemGroup>
  <ItemGroup>
    <None Include="src\shaders\CubeFragmentShader.glsl">
      <Filter>shaders</Filter>
    </None>
    <None Include="src\shaders\DepthBufferVisualizerFragmentShader.glsl">
      <Filter>shaders</Filter>
    </None>
    <None Include="src\shaders\LightSourceFragmentShader.glsl">
      <Filter>shaders</Filter>
    </None>
    <None Include="src\shaders\LightSourceVertexShader.glsl">
      <Filter>shaders</Filter>
    </None>
    <None Include="src\shaders\ModelFragmentShader.glsl">
      <Filter>shaders</Filter>
    </None>
    <None Include="README.md">
      <Filter>etc</Filter>
    </None>
    <None Include="src\shaders\SingleColorFragmentShader.glsl">
      <Filter>shaders</Filter>
    </None>
    <None Include="src\shaders\FrameBufferVertexShader.glsl">
      <Filter>shaders</Filter>
    </None>
    <None Include="src\shaders\DiscardAlphaFragmentShader.glsl">
      <Filter>shaders</Filter>
    </None>
    <None Include="src\shaders\BasicTextureFragmentShader.glsl">
      <Filter>shaders</Filter>
    </None>
    <None Include="src\shaders\PosTexNormalVertexShader.glsl">
      <Filter>shaders</Filter>
    </None>
    <None Include="src\shaders\CropCenterSquareTexFragmentShader.glsl">
      <Filter>shaders</Filter>
    </None>
    <None Include="src\shaders\NegativeTextureFragmentShader.glsl">
      <Filter>shaders</Filter>
    </None>
    <None Include="src\shaders\Kernel3x3TextureFragmentShader.glsl">
      <Filter>shaders</Filter>
    </None>
    <None Include="src\shaders\Kernel5x5TextureFragmentShader.glsl">
      <Filter>shaders</Filter>
    </None>
    <None Include="src\shaders\SkyboxVertexShader.glsl">
      <Filter>shaders</Filter>
    </None>
    <None Include="src\shaders\SkyboxFragmentShader.glsl">
      <Filter>shaders</Filter>
    </None>
    <None Include="src\shaders\SkyboxReflectionFragmentShader.glsl">
      <Filter>shaders</Filter>
    </None>
    <None Include="src\shaders\SkyboxReflectionVertexShader.glsl">
      <Filter>shaders</Filter>
    </None>
  </ItemGroup>
  <ItemGroup>
    <Image Include="src\data\emission_map.png">
      <Filter>Resource Files</Filter>
    </Image>
    <Image Include="src\data\specular_map.png">
      <Filter>Resource Files</Filter>
    </Image>
    <Image Include="src\data\specular_map_dumb.png">
      <Filter>Resource Files</Filter>
    </Image>
    <Image Include="src\data\specular_map_inverse.png">
      <Filter>Resource Files</Filter>
    </Image>
    <Image Include="src\data\diffuse_map.png">
      <Filter>Resource Files</Filter>
    </Image>
  </ItemGroup>
</Project>